
Microsoft Visual Studio Solution File, Format Version 12.00
# Visual Studio Version 17
VisualStudioVersion = 17.0.31903.59
MinimumVisualStudioVersion = 10.0.40219.1
Project("{FAE04EC0-301F-11D3-BF4B-00C04F79EFBC}") = "WatchTower.API", "WatchTower.API\WatchTower.API.csproj", "{F9B12479-646D-4736-A20F-A19C976FB80A}"
EndProject
Project("{FAE04EC0-301F-11D3-BF4B-00C04F79EFBC}") = "WatchTower.Core", "WatchTower.Core\WatchTower.Core.csproj", "{08066C8C-B5B5-41C8-8AF9-FD5FEA4DD366}"
EndProject
Project("{FAE04EC0-301F-11D3-BF4B-00C04F79EFBC}") = "WatchTower.Infrastructure", "WatchTower.Infrastructure\WatchTower.Infrastructure.csproj", "{C753EBB5-774A-4444-974D-F75512C096F9}"
EndProject
Project("{FAE04EC0-301F-11D3-BF4B-00C04F79EFBC}") = "WatchTower.Tests", "WatchTower.Tests\WatchTower.Tests.csproj", "{0D220C78-AFF3-475B-80B4-7E0219D83545}"
EndProject
Global
	GlobalSection(SolutionConfigurationPlatforms) = preSolution
		Debug|Any CPU = Debug|Any CPU
		Debug|x64 = Debug|x64
		Debug|x86 = Debug|x86
		Release|Any CPU = Release|Any CPU
		Release|x64 = Release|x64
		Release|x86 = Release|x86
	EndGlobalSection
	GlobalSection(ProjectConfigurationPlatforms) = postSolution
		{F9B12479-646D-4736-A20F-A19C976FB80A}.Debug|Any CPU.ActiveCfg = Debug|Any CPU
		{F9B12479-646D-4736-A20F-A19C976FB80A}.Debug|Any CPU.Build.0 = Debug|Any CPU
		{F9B12479-646D-4736-A20F-A19C976FB80A}.Debug|x64.ActiveCfg = Debug|Any CPU
		{F9B12479-646D-4736-A20F-A19C976FB80A}.Debug|x64.Build.0 = Debug|Any CPU
		{F9B12479-646D-4736-A20F-A19C976FB80A}.Debug|x86.ActiveCfg = Debug|Any CPU
		{F9B12479-646D-4736-A20F-A19C976FB80A}.Debug|x86.Build.0 = Debug|Any CPU
		{F9B12479-646D-4736-A20F-A19C976FB80A}.Release|Any CPU.ActiveCfg = Release|Any CPU
		{F9B12479-646D-4736-A20F-A19C976FB80A}.Release|Any CPU.Build.0 = Release|Any CPU
		{F9B12479-646D-4736-A20F-A19C976FB80A}.Release|x64.ActiveCfg = Release|Any CPU
		{F9B12479-646D-4736-A20F-A19C976FB80A}.Release|x64.Build.0 = Release|Any CPU
		{F9B12479-646D-4736-A20F-A19C976FB80A}.Release|x86.ActiveCfg = Release|Any CPU
		{F9B12479-646D-4736-A20F-A19C976FB80A}.Release|x86.Build.0 = Release|Any CPU
		{08066C8C-B5B5-41C8-8AF9-FD5FEA4DD366}.Debug|Any CPU.ActiveCfg = Debug|Any CPU
		{08066C8C-B5B5-41C8-8AF9-FD5FEA4DD366}.Debug|Any CPU.Build.0 = Debug|Any CPU
		{08066C8C-B5B5-41C8-8AF9-FD5FEA4DD366}.Debug|x64.ActiveCfg = Debug|Any CPU
		{08066C8C-B5B5-41C8-8AF9-FD5FEA4DD366}.Debug|x64.Build.0 = Debug|Any CPU
		{08066C8C-B5B5-41C8-8AF9-FD5FEA4DD366}.Debug|x86.ActiveCfg = Debug|Any CPU
		{08066C8C-B5B5-41C8-8AF9-FD5FEA4DD366}.Debug|x86.Build.0 = Debug|Any CPU
		{08066C8C-B5B5-41C8-8AF9-FD5FEA4DD366}.Release|Any CPU.ActiveCfg = Release|Any CPU
		{08066C8C-B5B5-41C8-8AF9-FD5FEA4DD366}.Release|Any CPU.Build.0 = Release|Any CPU
		{08066C8C-B5B5-41C8-8AF9-FD5FEA4DD366}.Release|x64.ActiveCfg = Release|Any CPU
		{08066C8C-B5B5-41C8-8AF9-FD5FEA4DD366}.Release|x64.Build.0 = Release|Any CPU
		{08066C8C-B5B5-41C8-8AF9-FD5FEA4DD366}.Release|x86.ActiveCfg = Release|Any CPU
		{08066C8C-B5B5-41C8-8AF9-FD5FEA4DD366}.Release|x86.Build.0 = Release|Any CPU
		{C753EBB5-774A-4444-974D-F75512C096F9}.Debug|Any CPU.ActiveCfg = Debug|Any CPU
		{C753EBB5-774A-4444-974D-F75512C096F9}.Debug|Any CPU.Build.0 = Debug|Any CPU
		{C753EBB5-774A-4444-974D-F75512C096F9}.Debug|x64.ActiveCfg = Debug|Any CPU
		{C753EBB5-774A-4444-974D-F75512C096F9}.Debug|x64.Build.0 = Debug|Any CPU
		{C753EBB5-774A-4444-974D-F75512C096F9}.Debug|x86.ActiveCfg = Debug|Any CPU
		{C753EBB5-774A-4444-974D-F75512C096F9}.Debug|x86.Build.0 = Debug|Any CPU
		{C753EBB5-774A-4444-974D-F75512C096F9}.Release|Any CPU.ActiveCfg = Release|Any CPU
		{C753EBB5-774A-4444-974D-F75512C096F9}.Release|Any CPU.Build.0 = Release|Any CPU
		{C753EBB5-774A-4444-974D-F75512C096F9}.Release|x64.ActiveCfg = Release|Any CPU
		{C753EBB5-774A-4444-974D-F75512C096F9}.Release|x64.Build.0 = Release|Any CPU
		{C753EBB5-774A-4444-974D-F75512C096F9}.Release|x86.ActiveCfg = Release|Any CPU
		{C753EBB5-774A-4444-974D-F75512C096F9}.Release|x86.Build.0 = Release|Any CPU
		{0D220C78-AFF3-475B-80B4-7E0219D83545}.Debug|Any CPU.ActiveCfg = Debug|Any CPU
		{0D220C78-AFF3-475B-80B4-7E0219D83545}.Debug|Any CPU.Build.0 = Debug|Any CPU
		{0D220C78-AFF3-475B-80B4-7E0219D83545}.Debug|x64.ActiveCfg = Debug|Any CPU
		{0D220C78-AFF3-475B-80B4-7E0219D83545}.Debug|x64.Build.0 = Debug|Any CPU
		{0D220C78-AFF3-475B-80B4-7E0219D83545}.Debug|x86.ActiveCfg = Debug|Any CPU
		{0D220C78-AFF3-475B-80B4-7E0219D83545}.Debug|x86.Build.0 = Debug|Any CPU
		{0D220C78-AFF3-475B-80B4-7E0219D83545}.Release|Any CPU.ActiveCfg = Release|Any CPU
		{0D220C78-AFF3-475B-80B4-7E0219D83545}.Release|Any CPU.Build.0 = Release|Any CPU
		{0D220C78-AFF3-475B-80B4-7E0219D83545}.Release|x64.ActiveCfg = Release|Any CPU
		{0D220C78-AFF3-475B-80B4-7E0219D83545}.Release|x64.Build.0 = Release|Any CPU
		{0D220C78-AFF3-475B-80B4-7E0219D83545}.Release|x86.ActiveCfg = Release|Any CPU
		{0D220C78-AFF3-475B-80B4-7E0219D83545}.Release|x86.Build.0 = Release|Any CPU
	EndGlobalSection
	GlobalSection(SolutionProperties) = preSolution
		HideSolutionNode = FALSE
	EndGlobalSection
EndGlobal
